
Microsoft Visual Studio Solution File, Format Version 12.00
# Visual Studio Version 17
VisualStudioVersion = 17.2.32616.157
MinimumVisualStudioVersion = 10.0.40219.1
Project("{8BC9CEB8-8B4A-11D0-8D11-00A0C91BC942}") = "Lab8_cpp", "Lab8_cpp.vcxproj", "{63347642-AD14-4967-9BCF-9C97BB70B041}"
EndProject
Global
	GlobalSection(SolutionConfigurationPlatforms) = preSolution
		Debug|x64 = Debug|x64
		Debug|x86 = Debug|x86
		Release|x64 = Release|x64
		Release|x86 = Release|x86
	EndGlobalSection
	GlobalSection(ProjectConfigurationPlatforms) = postSolution
		{63347642-AD14-4967-9BCF-9C97BB70B041}.Debug|x64.ActiveCfg = Debug|x64
		{63347642-AD14-4967-9BCF-9C97BB70B041}.Debug|x64.Build.0 = Debug|x64
		{63347642-AD14-4967-9BCF-9C97BB70B041}.Debug|x86.ActiveCfg = Debug|Win32
		{63347642-AD14-4967-9BCF-9C97BB70B041}.Debug|x86.Build.0 = Debug|Win32
		{63347642-AD14-4967-9BCF-9C97BB70B041}.Release|x64.ActiveCfg = Release|x64
		{63347642-AD14-4967-9BCF-9C97BB70B041}.Release|x64.Build.0 = Release|x64
		{63347642-AD14-4967-9BCF-9C97BB70B041}.Release|x86.ActiveCfg = Release|Win32
		{63347642-AD14-4967-9BCF-9C97BB70B041}.Release|x86.Build.0 = Release|Win32
	EndGlobalSection
	GlobalSection(SolutionProperties) = preSolution
		HideSolutionNode = FALSE
	EndGlobalSection
	GlobalSection(ExtensibilityGlobals) = postSolution
		SolutionGuid = {805AA8DE-2537-4BAE-8834-2B3892A82E97}
	EndGlobalSection
EndGlobal
